
Microsoft Visual Studio Solution File, Format Version 12.00
# Visual Studio Version 16
VisualStudioVersion = 16.0.30907.101
MinimumVisualStudioVersion = 10.0.40219.1
Project("{FAE04EC0-301F-11D3-BF4B-00C04F79EFBC}") = "CadeRasmussen_Assignment3", "CadeRasmussen_Assignment3.csproj", "{C344E606-1BE2-4A6A-AA46-F2F97E3FEA5D}"
EndProject
Global
	GlobalSection(SolutionConfigurationPlatforms) = preSolution
		Debug|Any CPU = Debug|Any CPU
		Release|Any CPU = Release|Any CPU
	EndGlobalSection
	GlobalSection(ProjectConfigurationPlatforms) = postSolution
		{C344E606-1BE2-4A6A-AA46-F2F97E3FEA5D}.Debug|Any CPU.ActiveCfg = Debug|Any CPU
		{C344E606-1BE2-4A6A-AA46-F2F97E3FEA5D}.Debug|Any CPU.Build.0 = Debug|Any CPU
		{C344E606-1BE2-4A6A-AA46-F2F97E3FEA5D}.Release|Any CPU.ActiveCfg = Release|Any CPU
		{C344E606-1BE2-4A6A-AA46-F2F97E3FEA5D}.Release|Any CPU.Build.0 = Release|Any CPU
	EndGlobalSection
	GlobalSection(SolutionProperties) = preSolution
		HideSolutionNode = FALSE
	EndGlobalSection
	GlobalSection(ExtensibilityGlobals) = postSolution
		SolutionGuid = {A3651E98-DD78-41C8-AC4C-764AA7D99AAB}
	EndGlobalSection
EndGlobal
